
Microsoft Visual Studio Solution File, Format Version 12.00
# Visual Studio Version 17
VisualStudioVersion = 17.0.31919.166
MinimumVisualStudioVersion = 10.0.40219.1
Project("{FAE04EC0-301F-11D3-BF4B-00C04F79EFBC}") = "MonefyCsvReader", "MonefyCsvReader\MonefyCsvReader.csproj", "{62B0C036-D7D9-42BC-A285-03792A38520F}"
EndProject
Global
	GlobalSection(SolutionConfigurationPlatforms) = preSolution
		Debug|Any CPU = Debug|Any CPU
		Release|Any CPU = Release|Any CPU
	EndGlobalSection
	GlobalSection(ProjectConfigurationPlatforms) = postSolution
		{62B0C036-D7D9-42BC-A285-03792A38520F}.Debug|Any CPU.ActiveCfg = Debug|Any CPU
		{62B0C036-D7D9-42BC-A285-03792A38520F}.Debug|Any CPU.Build.0 = Debug|Any CPU
		{62B0C036-D7D9-42BC-A285-03792A38520F}.Release|Any CPU.ActiveCfg = Release|Any CPU
		{62B0C036-D7D9-42BC-A285-03792A38520F}.Release|Any CPU.Build.0 = Release|Any CPU
	EndGlobalSection
	GlobalSection(SolutionProperties) = preSolution
		HideSolutionNode = FALSE
	EndGlobalSection
	GlobalSection(ExtensibilityGlobals) = postSolution
		SolutionGuid = {63B88C28-7A84-4C29-AECB-1E9EA9D7A592}
	EndGlobalSection
EndGlobal
